{
  "name": "frontend",
  "lockfileVersion": 3,
  "requires": true,
  "packages": {
    "": {
      "dependencies": {
        "sv": "^0.6.1"
      }
    },
    "node_modules/sv": {
      "version": "0.6.1",
      "resolved": "https://registry.npmjs.org/sv/-/sv-0.6.1.tgz",
      "integrity": "sha512-IwTOgNjhZqvS8M6JTJaLpesQquWXq3G8MRD465Vw2eEgUntmYvTBiSaZbqyJ7eBKafbTKhORfox+2MUyWjDPuQ==",
      "license": "MIT",
      "bin": {
        "sv": "dist/bin.js"
      }
    }
  }
}
